# This file was autogenerated by Stack.
# You should not edit this file by hand.
# For more information, please see the documentation at:
#   https://docs.haskellstack.org/en/stable/lock_files

packages:
- completed:
    hackage: tidal-1.4.7@sha256:25c049efb4bb4e5a39eb61a93f9c7865a9572b9faf387e8ef7e7f7733ae679e1,3655
    pantry-tree:
      size: 2744
      sha256: 7e39c9ceab2740e787c6b497feaa269fff5ccde15a4f15f7c9a43339c7698ce4
  original:
    hackage: tidal-1.4.7
snapshots:
- completed:
    size: 524804
    url: https://raw.githubusercontent.com/commercialhaskell/stackage-snapshots/master/lts/14/16.yaml
    sha256: 4d1519a4372d051d47a5eae2241cf3fb54e113d7475f89707ddb6ec06add2888
  original: lts-14.16
